
Microsoft Visual Studio Solution File, Format Version 12.00
# Visual Studio Version 16
VisualStudioVersion = 16.0.29306.81
MinimumVisualStudioVersion = 10.0.40219.1
Project("{FAE04EC0-301F-11D3-BF4B-00C04F79EFBC}") = "WordGrid", "WordGrid\WordGrid.csproj", "{77080149-CB9D-4484-8E7D-C3349F897FA6}"
EndProject
Global
	GlobalSection(SolutionConfigurationPlatforms) = preSolution
		Debug|Any CPU = Debug|Any CPU
		Release|Any CPU = Release|Any CPU
	EndGlobalSection
	GlobalSection(ProjectConfigurationPlatforms) = postSolution
		{77080149-CB9D-4484-8E7D-C3349F897FA6}.Debug|Any CPU.ActiveCfg = Debug|Any CPU
		{77080149-CB9D-4484-8E7D-C3349F897FA6}.Debug|Any CPU.Build.0 = Debug|Any CPU
		{77080149-CB9D-4484-8E7D-C3349F897FA6}.Release|Any CPU.ActiveCfg = Release|Any CPU
		{77080149-CB9D-4484-8E7D-C3349F897FA6}.Release|Any CPU.Build.0 = Release|Any CPU
	EndGlobalSection
	GlobalSection(SolutionProperties) = preSolution
		HideSolutionNode = FALSE
	EndGlobalSection
	GlobalSection(ExtensibilityGlobals) = postSolution
		SolutionGuid = {01E72F93-E0E5-4ADD-9E1D-C27745631C96}
	EndGlobalSection
EndGlobal
